<?xml version="1.0" encoding="utf-8"?>
<Project ToolsVersion="4.0" xmlns="http://schemas.microsoft.com/developer/msbuild/2003">
  <ItemGroup>
    <Filter Include="소스 파일">
      <UniqueIdentifier>{4FC737F1-C7A5-4376-A066-2A32D752A2FF}</UniqueIdentifier>
      <Extensions>cpp;c;cc;cxx;c++;cppm;ixx;def;odl;idl;hpj;bat;asm;asmx</Extensions>
    </Filter>
    <Filter Include="헤더 파일">
      <UniqueIdentifier>{93995380-89BD-4b04-88EB-625FBE52EBFB}</UniqueIdentifier>
      <Extensions>h;hh;hpp;hxx;h++;hm;inl;inc;ipp;xsd</Extensions>
    </Filter>
    <Filter Include="리소스 파일">
      <UniqueIdentifier>{67DA6AB6-F800-4c08-8B7A-83BB121AAD01}</UniqueIdentifier>
      <Extensions>rc;ico;cur;bmp;dlg;rc2;rct;bin;rgs;gif;jpg;jpeg;jpe;resx;tiff;tif;png;wav;mfcribbon-ms</Extensions>
    </Filter>
    <Filter Include="리소스 파일\MainPage">
      <UniqueIdentifier>{96e39288-a3a4-404f-a1f4-1d29b9842920}</UniqueIdentifier>
    </Filter>
    <Filter Include="헤더 파일\ManyLayer">
      <UniqueIdentifier>{9384dc1e-afb1-4134-b094-9cf11e2a6c5e}</UniqueIdentifier>
    </Filter>
    <Filter Include="리소스 파일\InGame">
      <UniqueIdentifier>{4f502797-2864-4610-82f2-505a18eea3ce}</UniqueIdentifier>
    </Filter>
  </ItemGroup>
  <ItemGroup>
    <ClCompile Include="main.c">
      <Filter>소스 파일</Filter>
    </ClCompile>
    <ClCompile Include="MainPage.c">
      <Filter>소스 파일</Filter>
    </ClCompile>
    <ClCompile Include="InGame.c">
      <Filter>소스 파일</Filter>
    </ClCompile>
  </ItemGroup>
  <ItemGroup>
    <ClInclude Include="resource.h">
      <Filter>헤더 파일</Filter>
    </ClInclude>
    <ClInclude Include="all_header.h">
      <Filter>헤더 파일</Filter>
    </ClInclude>
    <ClInclude Include="ManyLayer.h">
      <Filter>헤더 파일\ManyLayer</Filter>
    </ClInclude>
    <ClInclude Include="ManyLayerImplementation.h">
      <Filter>헤더 파일\ManyLayer</Filter>
    </ClInclude>
    <ClInclude Include="ManyLayerInterface.h">
      <Filter>헤더 파일\ManyLayer</Filter>
    </ClInclude>
  </ItemGroup>
  <ItemGroup>
    <ResourceCompile Include="UHangShi.rc">
      <Filter>리소스 파일</Filter>
    </ResourceCompile>
  </ItemGroup>
  <ItemGroup>
    <Image Include="exit.bmp">
      <Filter>리소스 파일\MainPage</Filter>
    </Image>
    <Image Include="exit_clicked.bmp">
      <Filter>리소스 파일\MainPage</Filter>
    </Image>
    <Image Include="title.bmp">
      <Filter>리소스 파일\MainPage</Filter>
    </Image>
    <Image Include="load.bmp">
      <Filter>리소스 파일\MainPage</Filter>
    </Image>
    <Image Include="load_clicked.bmp">
      <Filter>리소스 파일\MainPage</Filter>
    </Image>
    <Image Include="new_game.bmp">
      <Filter>리소스 파일\MainPage</Filter>
    </Image>
    <Image Include="new_game_clicked.bmp">
      <Filter>리소스 파일\MainPage</Filter>
    </Image>
    <Image Include="start_bg.bmp">
      <Filter>리소스 파일\MainPage</Filter>
    </Image>
    <Image Include="box.bmp">
      <Filter>리소스 파일\MainPage</Filter>
    </Image>
    <Image Include="load_screen.bmp">
      <Filter>리소스 파일\MainPage</Filter>
    </Image>
    <Image Include="pop_up.bmp">
      <Filter>리소스 파일</Filter>
    </Image>
  </ItemGroup>
</Project>