<?xml version="1.0" encoding="utf-8"?>
<Project ToolsVersion="4.0" xmlns="http://schemas.microsoft.com/developer/msbuild/2003">
  <ItemGroup>
    <Filter Include="소스 파일">
      <UniqueIdentifier>{4FC737F1-C7A5-4376-A066-2A32D752A2FF}</UniqueIdentifier>
      <Extensions>cpp;c;cc;cxx;c++;cppm;ixx;def;odl;idl;hpj;bat;asm;asmx</Extensions>
    </Filter>
    <Filter Include="헤더 파일">
      <UniqueIdentifier>{93995380-89BD-4b04-88EB-625FBE52EBFB}</UniqueIdentifier>
      <Extensions>h;hh;hpp;hxx;h++;hm;inl;inc;ipp;xsd</Extensions>
    </Filter>
    <Filter Include="리소스 파일">
      <UniqueIdentifier>{67DA6AB6-F800-4c08-8B7A-83BB121AAD01}</UniqueIdentifier>
      <Extensions>rc;ico;cur;bmp;dlg;rc2;rct;bin;rgs;gif;jpg;jpeg;jpe;resx;tiff;tif;png;wav;mfcribbon-ms</Extensions>
    </Filter>
    <Filter Include="헤더 파일\ManyLayer">
      <UniqueIdentifier>{9384dc1e-afb1-4134-b094-9cf11e2a6c5e}</UniqueIdentifier>
    </Filter>
    <Filter Include="리소스 파일\InGame">
      <UniqueIdentifier>{daeeb3e3-ac6c-4280-beb2-7059101554c9}</UniqueIdentifier>
    </Filter>
    <Filter Include="리소스 파일\MainPage">
      <UniqueIdentifier>{36bc15af-ef57-491b-940e-e74a575124e3}</UniqueIdentifier>
    </Filter>
    <Filter Include="리소스 파일\InGame\human">
      <UniqueIdentifier>{e36cfb19-aba4-4838-aac2-6725952e4cab}</UniqueIdentifier>
    </Filter>
    <Filter Include="리소스 파일\InGame\Flowers">
      <UniqueIdentifier>{5140fe40-9019-4e8b-a4a3-dc4074512e3a}</UniqueIdentifier>
    </Filter>
  </ItemGroup>
  <ItemGroup>
    <ClCompile Include="main.c">
      <Filter>소스 파일</Filter>
    </ClCompile>
    <ClCompile Include="MainPage.c">
      <Filter>소스 파일</Filter>
    </ClCompile>
    <ClCompile Include="InGame.c">
      <Filter>소스 파일</Filter>
    </ClCompile>
  </ItemGroup>
  <ItemGroup>
    <ClInclude Include="resource.h">
      <Filter>헤더 파일</Filter>
    </ClInclude>
    <ClInclude Include="all_header.h">
      <Filter>헤더 파일</Filter>
    </ClInclude>
    <ClInclude Include="ManyLayer.h">
      <Filter>헤더 파일\ManyLayer</Filter>
    </ClInclude>
    <ClInclude Include="ManyLayerImplementation.h">
      <Filter>헤더 파일\ManyLayer</Filter>
    </ClInclude>
    <ClInclude Include="ManyLayerInterface.h">
      <Filter>헤더 파일\ManyLayer</Filter>
    </ClInclude>
    <ClInclude Include="resource1.h">
      <Filter>헤더 파일</Filter>
    </ClInclude>
  </ItemGroup>
  <ItemGroup>
    <ResourceCompile Include="UHangShi1.rc">
      <Filter>리소스 파일</Filter>
    </ResourceCompile>
  </ItemGroup>
  <ItemGroup>
    <Image Include="MainPage\title.bmp">
      <Filter>리소스 파일\MainPage</Filter>
    </Image>
    <Image Include="MainPage\exit.bmp">
      <Filter>리소스 파일\MainPage</Filter>
    </Image>
    <Image Include="MainPage\exit_clicked.bmp">
      <Filter>리소스 파일\MainPage</Filter>
    </Image>
    <Image Include="MainPage\load.bmp">
      <Filter>리소스 파일\MainPage</Filter>
    </Image>
    <Image Include="MainPage\load_clicked.bmp">
      <Filter>리소스 파일\MainPage</Filter>
    </Image>
    <Image Include="MainPage\load_screen.bmp">
      <Filter>리소스 파일\MainPage</Filter>
    </Image>
    <Image Include="MainPage\new_game.bmp">
      <Filter>리소스 파일\MainPage</Filter>
    </Image>
    <Image Include="MainPage\new_game_clicked.bmp">
      <Filter>리소스 파일\MainPage</Filter>
    </Image>
    <Image Include="MainPage\start_bg.bmp">
      <Filter>리소스 파일\MainPage</Filter>
    </Image>
    <Image Include="InGame\box.bmp">
      <Filter>리소스 파일\InGame</Filter>
    </Image>
    <Image Include="MainPage\box.bmp">
      <Filter>리소스 파일\MainPage</Filter>
    </Image>
    <Image Include="InGame\start_bg.bmp">
      <Filter>리소스 파일\InGame</Filter>
    </Image>
    <Image Include="InGame\human\walking_human4.bmp">
      <Filter>리소스 파일\InGame\human</Filter>
    </Image>
    <Image Include="InGame\human\walking_human1.bmp">
      <Filter>리소스 파일\InGame\human</Filter>
    </Image>
    <Image Include="InGame\human\walking_human2.bmp">
      <Filter>리소스 파일\InGame\human</Filter>
    </Image>
    <Image Include="InGame\human\walking_human3.bmp">
      <Filter>리소스 파일\InGame\human</Filter>
    </Image>
    <Image Include="InGame\flowers\yanggwibi_on.bmp">
      <Filter>리소스 파일\InGame\Flowers</Filter>
    </Image>
    <Image Include="InGame\flowers\yanggwibi.bmp">
      <Filter>리소스 파일\InGame\Flowers</Filter>
    </Image>
    <Image Include="InGame\flowers\jangmi_on.bmp">
      <Filter>리소스 파일\InGame\Flowers</Filter>
    </Image>
    <Image Include="InGame\flowers\jangmi.bmp">
      <Filter>리소스 파일\InGame\Flowers</Filter>
    </Image>
    <Image Include="InGame\flowers\fourleaves_on.bmp">
      <Filter>리소스 파일\InGame\Flowers</Filter>
    </Image>
    <Image Include="InGame\flowers\fourleaves.bmp">
      <Filter>리소스 파일\InGame\Flowers</Filter>
    </Image>
    <Image Include="InGame\flowers\daema_on.bmp">
      <Filter>리소스 파일\InGame\Flowers</Filter>
    </Image>
    <Image Include="InGame\flowers\daema.bmp">
      <Filter>리소스 파일\InGame\Flowers</Filter>
    </Image>
    <Image Include="InGame\final_bg.bmp">
      <Filter>리소스 파일\InGame</Filter>
    </Image>
    <Image Include="InGame\final_bg_school.bmp">
      <Filter>리소스 파일\InGame</Filter>
    </Image>
    <Image Include="InGame\result.bmp">
      <Filter>리소스 파일</Filter>
    </Image>
  </ItemGroup>
</Project>